
Microsoft Visual Studio Solution File, Format Version 12.00
# Visual Studio Version 17
VisualStudioVersion = 17.7.34024.191
MinimumVisualStudioVersion = 10.0.40219.1
Project("{FAE04EC0-301F-11D3-BF4B-00C04F79EFBC}") = "IRIST.WebApplication", "IRIST.WebApplication\IRIST.WebApplication.csproj", "{0EBB3DE9-F46C-4E6E-BB30-F8FE151012F1}"
EndProject
Global
	GlobalSection(SolutionConfigurationPlatforms) = preSolution
		Debug|Any CPU = Debug|Any CPU
		Release|Any CPU = Release|Any CPU
	EndGlobalSection
	GlobalSection(ProjectConfigurationPlatforms) = postSolution
		{0EBB3DE9-F46C-4E6E-BB30-F8FE151012F1}.Debug|Any CPU.ActiveCfg = Debug|Any CPU
		{0EBB3DE9-F46C-4E6E-BB30-F8FE151012F1}.Debug|Any CPU.Build.0 = Debug|Any CPU
		{0EBB3DE9-F46C-4E6E-BB30-F8FE151012F1}.Release|Any CPU.ActiveCfg = Release|Any CPU
		{0EBB3DE9-F46C-4E6E-BB30-F8FE151012F1}.Release|Any CPU.Build.0 = Release|Any CPU
	EndGlobalSection
	GlobalSection(SolutionProperties) = preSolution
		HideSolutionNode = FALSE
	EndGlobalSection
	GlobalSection(ExtensibilityGlobals) = postSolution
		SolutionGuid = {8938F845-FF60-4378-AB23-67246761D31A}
	EndGlobalSection
EndGlobal
